
Microsoft Visual Studio Solution File, Format Version 12.00
# Visual Studio 15
VisualStudioVersion = 15.0.28307.421
MinimumVisualStudioVersion = 10.0.40219.1
Project("{8BC9CEB8-8B4A-11D0-8D11-00A0C91BC942}") = "test_vector", "test_vector.vcxproj", "{69EA3A93-818F-4E6D-A06A-141AEA08FF32}"
EndProject
Project("{8BC9CEB8-8B4A-11D0-8D11-00A0C91BC942}") = "vector", "..\vector\vector\vector.vcxproj", "{E9D4E9B4-33B0-463F-8451-EB5C5304CAA8}"
EndProject
Global
	GlobalSection(SolutionConfigurationPlatforms) = preSolution
		Debug|x64 = Debug|x64
		Debug|x86 = Debug|x86
		Release|x64 = Release|x64
		Release|x86 = Release|x86
	EndGlobalSection
	GlobalSection(ProjectConfigurationPlatforms) = postSolution
		{69EA3A93-818F-4E6D-A06A-141AEA08FF32}.Debug|x64.ActiveCfg = Debug|x64
		{69EA3A93-818F-4E6D-A06A-141AEA08FF32}.Debug|x64.Build.0 = Debug|x64
		{69EA3A93-818F-4E6D-A06A-141AEA08FF32}.Debug|x86.ActiveCfg = Debug|Win32
		{69EA3A93-818F-4E6D-A06A-141AEA08FF32}.Debug|x86.Build.0 = Debug|Win32
		{69EA3A93-818F-4E6D-A06A-141AEA08FF32}.Release|x64.ActiveCfg = Release|x64
		{69EA3A93-818F-4E6D-A06A-141AEA08FF32}.Release|x64.Build.0 = Release|x64
		{69EA3A93-818F-4E6D-A06A-141AEA08FF32}.Release|x86.ActiveCfg = Release|Win32
		{69EA3A93-818F-4E6D-A06A-141AEA08FF32}.Release|x86.Build.0 = Release|Win32
		{E9D4E9B4-33B0-463F-8451-EB5C5304CAA8}.Debug|x64.ActiveCfg = Debug|x64
		{E9D4E9B4-33B0-463F-8451-EB5C5304CAA8}.Debug|x64.Build.0 = Debug|x64
		{E9D4E9B4-33B0-463F-8451-EB5C5304CAA8}.Debug|x86.ActiveCfg = Debug|Win32
		{E9D4E9B4-33B0-463F-8451-EB5C5304CAA8}.Debug|x86.Build.0 = Debug|Win32
		{E9D4E9B4-33B0-463F-8451-EB5C5304CAA8}.Release|x64.ActiveCfg = Release|x64
		{E9D4E9B4-33B0-463F-8451-EB5C5304CAA8}.Release|x64.Build.0 = Release|x64
		{E9D4E9B4-33B0-463F-8451-EB5C5304CAA8}.Release|x86.ActiveCfg = Release|Win32
		{E9D4E9B4-33B0-463F-8451-EB5C5304CAA8}.Release|x86.Build.0 = Release|Win32
	EndGlobalSection
	GlobalSection(SolutionProperties) = preSolution
		HideSolutionNode = FALSE
	EndGlobalSection
	GlobalSection(ExtensibilityGlobals) = postSolution
		SolutionGuid = {0CFDCC68-FA28-4520-ABC0-E38D85645208}
	EndGlobalSection
EndGlobal
